# THIS IS AN AUTOGENERATED FILE. DO NOT EDIT THIS FILE DIRECTLY.
# yarn lockfile v1


react-hook-form@^4.10.1:
  version "4.10.1"
  resolved "https://registry.yarnpkg.com/react-hook-form/-/react-hook-form-4.10.1.tgz#abd24888cb9db95a4760fd3b0750eea84d644dee"
  integrity sha512-ZXEa4YbHqUKxuuTGSVa36NjL7bhIcFEPmXxvq1p/Bq1EAo1cUlgZxcFV7MbAQiK4Nw2+1qg8Oz0mZIITTM8y/g==
